// !$*UTF8*$!
{
	archiveVersion = 1;
	classes = {
	};
	objectVersion = 50;
	objects = {

/* Begin PBXBuildFile section */
		8B72D9C4238C47A70022CD44 /* AppDelegate.swift in Sources */ = {isa = PBXBuildFile; fileRef = 8B72D9C3238C47A70022CD44 /* AppDelegate.swift */; };
		8B72D9C6238C47A70022CD44 /* SceneDelegate.swift in Sources */ = {isa = PBXBuildFile; fileRef = 8B72D9C5238C47A70022CD44 /* SceneDelegate.swift */; };
		8B72D9C8238C47A70022CD44 /* ContentView.swift in Sources */ = {isa = PBXBuildFile; fileRef = 8B72D9C7238C47A70022CD44 /* ContentView.swift */; };
		8B72D9CA238C47AA0022CD44 /* Assets.xcassets in Resources */ = {isa = PBXBuildFile; fileRef = 8B72D9C9238C47AA0022CD44 /* Assets.xcassets */; };
		8B72D9CD238C47AA0022CD44 /* Preview Assets.xcassets in Resources */ = {isa = PBXBuildFile; fileRef = 8B72D9CC238C47AA0022CD44 /* Preview Assets.xcassets */; };
		8B72D9D0238C47AA0022CD44 /* LaunchScreen.storyboard in Resources */ = {isa = PBXBuildFile; fileRef = 8B72D9CE238C47AA0022CD44 /* LaunchScreen.storyboard */; };
		8B72D9DB238C47AA0022CD44 /* cxi_arkTests.swift in Sources */ = {isa = PBXBuildFile; fileRef = 8B72D9DA238C47AA0022CD44 /* cxi_arkTests.swift */; };
		8B72D9E6238C47AB0022CD44 /* cxi_arkUITests.swift in Sources */ = {isa = PBXBuildFile; fileRef = 8B72D9E5238C47AB0022CD44 /* cxi_arkUITests.swift */; };
/* End PBXBuildFile section */

/* Begin PBXContainerItemProxy section */
		8B72D9D7238C47AA0022CD44 /* PBXContainerItemProxy */ = {
			isa = PBXContainerItemProxy;
			containerPortal = 8B72D9B8238C47A70022CD44 /* Project object */;
			proxyType = 1;
			remoteGlobalIDString = 8B72D9BF238C47A70022CD44;
			remoteInfo = "cxi-ark";
		};
		8B72D9E2238C47AB0022CD44 /* PBXContainerItemProxy */ = {
			isa = PBXContainerItemProxy;
			containerPortal = 8B72D9B8238C47A70022CD44 /* Project object */;
			proxyType = 1;
			remoteGlobalIDString = 8B72D9BF238C47A70022CD44;
			remoteInfo = "cxi-ark";
		};
/* End PBXContainerItemProxy section */

/* Begin PBXFileReference section */
		8B72D9C0238C47A70022CD44 /* cxi-ark.app */ = {isa = PBXFileReference; explicitFileType = wrapper.application; includeInIndex = 0; path = "cxi-ark.app"; sourceTree = BUILT_PRODUCTS_DIR; };
		8B72D9C3238C47A70022CD44 /* AppDelegate.swift */ = {isa = PBXFileReference; lastKnownFileType = sourcecode.swift; path = AppDelegate.swift; sourceTree = "<group>"; };
		8B72D9C5238C47A70022CD44 /* SceneDelegate.swift */ = {isa = PBXFileReference; lastKnownFileType = sourcecode.swift; path = SceneDelegate.swift; sourceTree = "<group>"; };
		8B72D9C7238C47A70022CD44 /* ContentView.swift */ = {isa = PBXFileReference; lastKnownFileType = sourcecode.swift; path = ContentView.swift; sourceTree = "<group>"; };
		8B72D9C9238C47AA0022CD44 /* Assets.xcassets */ = {isa = PBXFileReference; lastKnownFileType = folder.assetcatalog; path = Assets.xcassets; sourceTree = "<group>"; };
		8B72D9CC238C47AA0022CD44 /* Preview Assets.xcassets */ = {isa = PBXFileReference; lastKnownFileType = folder.assetcatalog; path = "Preview Assets.xcassets"; sourceTree = "<group>"; };
		8B72D9CF238C47AA0022CD44 /* Base */ = {isa = PBXFileReference; lastKnownFileType = file.storyboard; name = Base; path = Base.lproj/LaunchScreen.storyboard; sourceTree = "<group>"; };
		8B72D9D1238C47AA0022CD44 /* Info.plist */ = {isa = PBXFileReference; lastKnownFileType = text.plist.xml; path = Info.plist; sourceTree = "<group>"; };
		8B72D9D6238C47AA0022CD44 /* cxi-arkTests.xctest */ = {isa = PBXFileReference; explicitFileType = wrapper.cfbundle; includeInIndex = 0; path = "cxi-arkTests.xctest"; sourceTree = BUILT_PRODUCTS_DIR; };
		8B72D9DA238C47AA0022CD44 /* cxi_arkTests.swift */ = {isa = PBXFileReference; lastKnownFileType = sourcecode.swift; path = cxi_arkTests.swift; sourceTree = "<group>"; };
		8B72D9DC238C47AA0022CD44 /* Info.plist */ = {isa = PBXFileReference; lastKnownFileType = text.plist.xml; path = Info.plist; sourceTree = "<group>"; };
		8B72D9E1238C47AB0022CD44 /* cxi-arkUITests.xctest */ = {isa = PBXFileReference; explicitFileType = wrapper.cfbundle; includeInIndex = 0; path = "cxi-arkUITests.xctest"; sourceTree = BUILT_PRODUCTS_DIR; };
		8B72D9E5238C47AB0022CD44 /* cxi_arkUITests.swift */ = {isa = PBXFileReference; lastKnownFileType = sourcecode.swift; path = cxi_arkUITests.swift; sourceTree = "<group>"; };
		8B72D9E7238C47AB0022CD44 /* Info.plist */ = {isa = PBXFileReference; lastKnownFileType = text.plist.xml; path = Info.plist; sourceTree = "<group>"; };
/* End PBXFileReference section */

/* Begin PBXFrameworksBuildPhase section */
		8B72D9BD238C47A70022CD44 /* Frameworks */ = {
			isa = PBXFrameworksBuildPhase;
			buildActionMask = 2147483647;
			files = (
			);
			runOnlyForDeploymentPostprocessing = 0;
		};
		8B72D9D3238C47AA0022CD44 /* Frameworks */ = {
			isa = PBXFrameworksBuildPhase;
			buildActionMask = 2147483647;
			files = (
			);
			runOnlyForDeploymentPostprocessing = 0;
		};
		8B72D9DE238C47AB0022CD44 /* Frameworks */ = {
			isa = PBXFrameworksBuildPhase;
			buildActionMask = 2147483647;
			files = (
			);
			runOnlyForDeploymentPostprocessing = 0;
		};
/* End PBXFrameworksBuildPhase section */

/* Begin PBXGroup section */
		8B72D9B7238C47A70022CD44 = {
			isa = PBXGroup;
			children = (
				8B72D9C2238C47A70022CD44 /* cxi-ark */,
				8B72D9D9238C47AA0022CD44 /* cxi-arkTests */,
				8B72D9E4238C47AB0022CD44 /* cxi-arkUITests */,
				8B72D9C1238C47A70022CD44 /* Products */,
			);
			sourceTree = "<group>";
		};
		8B72D9C1238C47A70022CD44 /* Products */ = {
			isa = PBXGroup;
			children = (
				8B72D9C0238C47A70022CD44 /* cxi-ark.app */,
				8B72D9D6238C47AA0022CD44 /* cxi-arkTests.xctest */,
				8B72D9E1238C47AB0022CD44 /* cxi-arkUITests.xctest */,
			);
			name = Products;
			sourceTree = "<group>";
		};
		8B72D9C2238C47A70022CD44 /* cxi-ark */ = {
			isa = PBXGroup;
			children = (
				8B72D9C3238C47A70022CD44 /* AppDelegate.swift */,
				8B72D9C5238C47A70022CD44 /* SceneDelegate.swift */,
				8B72D9C7238C47A70022CD44 /* ContentView.swift */,
				8B72D9C9238C47AA0022CD44 /* Assets.xcassets */,
				8B72D9CE238C47AA0022CD44 /* LaunchScreen.storyboard */,
				8B72D9D1238C47AA0022CD44 /* Info.plist */,
				8B72D9CB238C47AA0022CD44 /* Preview Content */,
			);
			path = "cxi-ark";
			sourceTree = "<group>";
		};
		8B72D9CB238C47AA0022CD44 /* Preview Content */ = {
			isa = PBXGroup;
			children = (
				8B72D9CC238C47AA0022CD44 /* Preview Assets.xcassets */,
			);
			path = "Preview Content";
			sourceTree = "<group>";
		};
		8B72D9D9238C47AA0022CD44 /* cxi-arkTests */ = {
			isa = PBXGroup;
			children = (
				8B72D9DA238C47AA0022CD44 /* cxi_arkTests.swift */,
				8B72D9DC238C47AA0022CD44 /* Info.plist */,
			);
			path = "cxi-arkTests";
			sourceTree = "<group>";
		};
		8B72D9E4238C47AB0022CD44 /* cxi-arkUITests */ = {
			isa = PBXGroup;
			children = (
				8B72D9E5238C47AB0022CD44 /* cxi_arkUITests.swift */,
				8B72D9E7238C47AB0022CD44 /* Info.plist */,
			);
			path = "cxi-arkUITests";
			sourceTree = "<group>";
		};
/* End PBXGroup section */

/* Begin PBXNativeTarget section */
		8B72D9BF238C47A70022CD44 /* cxi-ark */ = {
			isa = PBXNativeTarget;
			buildConfigurationList = 8B72D9EA238C47AB0022CD44 /* Build configuration list for PBXNativeTarget "cxi-ark" */;
			buildPhases = (
				8B72D9BC238C47A70022CD44 /* Sources */,
				8B72D9BD238C47A70022CD44 /* Frameworks */,
				8B72D9BE238C47A70022CD44 /* Resources */,
			);
			buildRules = (
			);
			dependencies = (
			);
			name = "cxi-ark";
			productName = "cxi-ark";
			productReference = 8B72D9C0238C47A70022CD44 /* cxi-ark.app */;
			productType = "com.apple.product-type.application";
		};
		8B72D9D5238C47AA0022CD44 /* cxi-arkTests */ = {
			isa = PBXNativeTarget;
			buildConfigurationList = 8B72D9ED238C47AB0022CD44 /* Build configuration list for PBXNativeTarget "cxi-arkTests" */;
			buildPhases = (
				8B72D9D2238C47AA0022CD44 /* Sources */,
				8B72D9D3238C47AA0022CD44 /* Frameworks */,
				8B72D9D4238C47AA0022CD44 /* Resources */,
			);
			buildRules = (
			);
			dependencies = (
				8B72D9D8238C47AA0022CD44 /* PBXTargetDependency */,
			);
			name = "cxi-arkTests";
			productName = "cxi-arkTests";
			productReference = 8B72D9D6238C47AA0022CD44 /* cxi-arkTests.xctest */;
			productType = "com.apple.product-type.bundle.unit-test";
		};
		8B72D9E0238C47AB0022CD44 /* cxi-arkUITests */ = {
			isa = PBXNativeTarget;
			buildConfigurationList = 8B72D9F0238C47AB0022CD44 /* Build configuration list for PBXNativeTarget "cxi-arkUITests" */;
			buildPhases = (
				8B72D9DD238C47AB0022CD44 /* Sources */,
				8B72D9DE238C47AB0022CD44 /* Frameworks */,
				8B72D9DF238C47AB0022CD44 /* Resources */,
			);
			buildRules = (
			);
			dependencies = (
				8B72D9E3238C47AB0022CD44 /* PBXTargetDependency */,
			);
			name = "cxi-arkUITests";
			productName = "cxi-arkUITests";
			productReference = 8B72D9E1238C47AB0022CD44 /* cxi-arkUITests.xctest */;
			productType = "com.apple.product-type.bundle.ui-testing";
		};
/* End PBXNativeTarget section */

/* Begin PBXProject section */
		8B72D9B8238C47A70022CD44 /* Project object */ = {
			isa = PBXProject;
			attributes = {
				LastSwiftUpdateCheck = 1120;
				LastUpgradeCheck = 1120;
				ORGANIZATIONNAME = "Austin Gladfelter";
				TargetAttributes = {
					8B72D9BF238C47A70022CD44 = {
						CreatedOnToolsVersion = 11.2.1;
					};
					8B72D9D5238C47AA0022CD44 = {
						CreatedOnToolsVersion = 11.2.1;
						TestTargetID = 8B72D9BF238C47A70022CD44;
					};
					8B72D9E0238C47AB0022CD44 = {
						CreatedOnToolsVersion = 11.2.1;
						TestTargetID = 8B72D9BF238C47A70022CD44;
					};
				};
			};
			buildConfigurationList = 8B72D9BB238C47A70022CD44 /* Build configuration list for PBXProject "cxi-ark" */;
			compatibilityVersion = "Xcode 9.3";
			developmentRegion = en;
			hasScannedForEncodings = 0;
			knownRegions = (
				en,
				Base,
			);
			mainGroup = 8B72D9B7238C47A70022CD44;
			productRefGroup = 8B72D9C1238C47A70022CD44 /* Products */;
			projectDirPath = "";
			projectRoot = "";
			targets = (
				8B72D9BF238C47A70022CD44 /* cxi-ark */,
				8B72D9D5238C47AA0022CD44 /* cxi-arkTests */,
				8B72D9E0238C47AB0022CD44 /* cxi-arkUITests */,
			);
		};
/* End PBXProject section */

/* Begin PBXResourcesBuildPhase section */
		8B72D9BE238C47A70022CD44 /* Resources */ = {
			isa = PBXResourcesBuildPhase;
			buildActionMask = 2147483647;
			files = (
				8B72D9D0238C47AA0022CD44 /* LaunchScreen.storyboard in Resources */,
				8B72D9CD238C47AA0022CD44 /* Preview Assets.xcassets in Resources */,
				8B72D9CA238C47AA0022CD44 /* Assets.xcassets in Resources */,
			);
			runOnlyForDeploymentPostprocessing = 0;
		};
		8B72D9D4238C47AA0022CD44 /* Resources */ = {
			isa = PBXResourcesBuildPhase;
			buildActionMask = 2147483647;
			files = (
			);
			runOnlyForDeploymentPostprocessing = 0;
		};
		8B72D9DF238C47AB0022CD44 /* Resources */ = {
			isa = PBXResourcesBuildPhase;
			buildActionMask = 2147483647;
			files = (
			);
			runOnlyForDeploymentPostprocessing = 0;
		};
/* End PBXResourcesBuildPhase section */

/* Begin PBXSourcesBuildPhase section */
		8B72D9BC238C47A70022CD44 /* Sources */ = {
			isa = PBXSourcesBuildPhase;
			buildActionMask = 2147483647;
			files = (
				8B72D9C4238C47A70022CD44 /* AppDelegate.swift in Sources */,
				8B72D9C6238C47A70022CD44 /* SceneDelegate.swift in Sources */,
				8B72D9C8238C47A70022CD44 /* ContentView.swift in Sources */,
			);
			runOnlyForDeploymentPostprocessing = 0;
		};
		8B72D9D2238C47AA0022CD44 /* Sources */ = {
			isa = PBXSourcesBuildPhase;
			buildActionMask = 2147483647;
			files = (
				8B72D9DB238C47AA0022CD44 /* cxi_arkTests.swift in Sources */,
			);
			runOnlyForDeploymentPostprocessing = 0;
		};
		8B72D9DD238C47AB0022CD44 /* Sources */ = {
			isa = PBXSourcesBuildPhase;
			buildActionMask = 2147483647;
			files = (
				8B72D9E6238C47AB0022CD44 /* cxi_arkUITests.swift in Sources */,
			);
			runOnlyForDeploymentPostprocessing = 0;
		};
/* End PBXSourcesBuildPhase section */

/* Begin PBXTargetDependency section */
		8B72D9D8238C47AA0022CD44 /* PBXTargetDependency */ = {
			isa = PBXTargetDependency;
			target = 8B72D9BF238C47A70022CD44 /* cxi-ark */;
			targetProxy = 8B72D9D7238C47AA0022CD44 /* PBXContainerItemProxy */;
		};
		8B72D9E3238C47AB0022CD44 /* PBXTargetDependency */ = {
			isa = PBXTargetDependency;
			target = 8B72D9BF238C47A70022CD44 /* cxi-ark */;
			targetProxy = 8B72D9E2238C47AB0022CD44 /* PBXContainerItemProxy */;
		};
/* End PBXTargetDependency section */

/* Begin PBXVariantGroup section */
		8B72D9CE238C47AA0022CD44 /* LaunchScreen.storyboard */ = {
			isa = PBXVariantGroup;
			children = (
				8B72D9CF238C47AA0022CD44 /* Base */,
			);
			name = LaunchScreen.storyboard;
			sourceTree = "<group>";
		};
/* End PBXVariantGroup section */

/* Begin XCBuildConfiguration section */
		8B72D9E8238C47AB0022CD44 /* Debug */ = {
			isa = XCBuildConfiguration;
			buildSettings = {
				ALWAYS_SEARCH_USER_PATHS = NO;
				CLANG_ANALYZER_NONNULL = YES;
				CLANG_ANALYZER_NUMBER_OBJECT_CONVERSION = YES_AGGRESSIVE;
				CLANG_CXX_LANGUAGE_STANDARD = "gnu++14";
				CLANG_CXX_LIBRARY = "libc++";
				CLANG_ENABLE_MODULES = YES;
				CLANG_ENABLE_OBJC_ARC = YES;
				CLANG_ENABLE_OBJC_WEAK = YES;
				CLANG_WARN_BLOCK_CAPTURE_AUTORELEASING = YES;
				CLANG_WARN_BOOL_CONVERSION = YES;
				CLANG_WARN_COMMA = YES;
				CLANG_WARN_CONSTANT_CONVERSION = YES;
				CLANG_WARN_DEPRECATED_OBJC_IMPLEMENTATIONS = YES;
				CLANG_WARN_DIRECT_OBJC_ISA_USAGE = YES_ERROR;
				CLANG_WARN_DOCUMENTATION_COMMENTS = YES;
				CLANG_WARN_EMPTY_BODY = YES;
				CLANG_WARN_ENUM_CONVERSION = YES;
				CLANG_WARN_INFINITE_RECURSION = YES;
				CLANG_WARN_INT_CONVERSION = YES;
				CLANG_WARN_NON_LITERAL_NULL_CONVERSION = YES;
				CLANG_WARN_OBJC_IMPLICIT_RETAIN_SELF = YES;
				CLANG_WARN_OBJC_LITERAL_CONVERSION = YES;
				CLANG_WARN_OBJC_ROOT_CLASS = YES_ERROR;
				CLANG_WARN_RANGE_LOOP_ANALYSIS = YES;
				CLANG_WARN_STRICT_PROTOTYPES = YES;
				CLANG_WARN_SUSPICIOUS_MOVE = YES;
				CLANG_WARN_UNGUARDED_AVAILABILITY = YES_AGGRESSIVE;
				CLANG_WARN_UNREACHABLE_CODE = YES;
				CLANG_WARN__DUPLICATE_METHOD_MATCH = YES;
				COPY_PHASE_STRIP = NO;
				DEBUG_INFORMATION_FORMAT = dwarf;
				ENABLE_STRICT_OBJC_MSGSEND = YES;
				ENABLE_TESTABILITY = YES;
				GCC_C_LANGUAGE_STANDARD = gnu11;
				GCC_DYNAMIC_NO_PIC = NO;
				GCC_NO_COMMON_BLOCKS = YES;
				GCC_OPTIMIZATION_LEVEL = 0;
				GCC_PREPROCESSOR_DEFINITIONS = (
					"DEBUG=1",
					"$(inherited)",
				);
				GCC_WARN_64_TO_32_BIT_CONVERSION = YES;
				GCC_WARN_ABOUT_RETURN_TYPE = YES_ERROR;
				GCC_WARN_UNDECLARED_SELECTOR = YES;
				GCC_WARN_UNINITIALIZED_AUTOS = YES_AGGRESSIVE;
				GCC_WARN_UNUSED_FUNCTION = YES;
				GCC_WARN_UNUSED_VARIABLE = YES;
				IPHONEOS_DEPLOYMENT_TARGET = 13.2;
				MTL_ENABLE_DEBUG_INFO = INCLUDE_SOURCE;
				MTL_FAST_MATH = YES;
				ONLY_ACTIVE_ARCH = YES;
				SDKROOT = iphoneos;
				SWIFT_ACTIVE_COMPILATION_CONDITIONS = DEBUG;
				SWIFT_OPTIMIZATION_LEVEL = "-Onone";
			};
			name = Debug;
		};
		8B72D9E9238C47AB0022CD44 /* Release */ = {
			isa = XCBuildConfiguration;
			buildSettings = {
				ALWAYS_SEARCH_USER_PATHS = NO;
				CLANG_ANALYZER_NONNULL = YES;
				CLANG_ANALYZER_NUMBER_OBJECT_CONVERSION = YES_AGGRESSIVE;
				CLANG_CXX_LANGUAGE_STANDARD = "gnu++14";
				CLANG_CXX_LIBRARY = "libc++";
				CLANG_ENABLE_MODULES = YES;
				CLANG_ENABLE_OBJC_ARC = YES;
				CLANG_ENABLE_OBJC_WEAK = YES;
				CLANG_WARN_BLOCK_CAPTURE_AUTORELEASING = YES;
				CLANG_WARN_BOOL_CONVERSION = YES;
				CLANG_WARN_COMMA = YES;
				CLANG_WARN_CONSTANT_CONVERSION = YES;
				CLANG_WARN_DEPRECATED_OBJC_IMPLEMENTATIONS = YES;
				CLANG_WARN_DIRECT_OBJC_ISA_USAGE = YES_ERROR;
				CLANG_WARN_DOCUMENTATION_COMMENTS = YES;
				CLANG_WARN_EMPTY_BODY = YES;
				CLANG_WARN_ENUM_CONVERSION = YES;
				CLANG_WARN_INFINITE_RECURSION = YES;
				CLANG_WARN_INT_CONVERSION = YES;
				CLANG_WARN_NON_LITERAL_NULL_CONVERSION = YES;
				CLANG_WARN_OBJC_IMPLICIT_RETAIN_SELF = YES;
				CLANG_WARN_OBJC_LITERAL_CONVERSION = YES;
				CLANG_WARN_OBJC_ROOT_CLASS = YES_ERROR;
				CLANG_WARN_RANGE_LOOP_ANALYSIS = YES;
				CLANG_WARN_STRICT_PROTOTYPES = YES;
				CLANG_WARN_SUSPICIOUS_MOVE = YES;
				CLANG_WARN_UNGUARDED_AVAILABILITY = YES_AGGRESSIVE;
				CLANG_WARN_UNREACHABLE_CODE = YES;
				CLANG_WARN__DUPLICATE_METHOD_MATCH = YES;
				COPY_PHASE_STRIP = NO;
				DEBUG_INFORMATION_FORMAT = "dwarf-with-dsym";
				ENABLE_NS_ASSERTIONS = NO;
				ENABLE_STRICT_OBJC_MSGSEND = YES;
				GCC_C_LANGUAGE_STANDARD = gnu11;
				GCC_NO_COMMON_BLOCKS = YES;
				GCC_WARN_64_TO_32_BIT_CONVERSION = YES;
				GCC_WARN_ABOUT_RETURN_TYPE = YES_ERROR;
				GCC_WARN_UNDECLARED_SELECTOR = YES;
				GCC_WARN_UNINITIALIZED_AUTOS = YES_AGGRESSIVE;
				GCC_WARN_UNUSED_FUNCTION = YES;
				GCC_WARN_UNUSED_VARIABLE = YES;
				IPHONEOS_DEPLOYMENT_TARGET = 13.2;
				MTL_ENABLE_DEBUG_INFO = NO;
				MTL_FAST_MATH = YES;
				SDKROOT = iphoneos;
				SWIFT_COMPILATION_MODE = wholemodule;
				SWIFT_OPTIMIZATION_LEVEL = "-O";
				VALIDATE_PRODUCT = YES;
			};
			name = Release;
		};
		8B72D9EB238C47AB0022CD44 /* Debug */ = {
			isa = XCBuildConfiguration;
			buildSettings = {
				ASSETCATALOG_COMPILER_APPICON_NAME = AppIcon;
				CODE_SIGN_STYLE = Automatic;
				DEVELOPMENT_ASSET_PATHS = "\"cxi-ark/Preview Content\"";
				DEVELOPMENT_TEAM = Q9769ZHH4G;
				ENABLE_PREVIEWS = YES;
				INFOPLIST_FILE = "cxi-ark/Info.plist";
				LD_RUNPATH_SEARCH_PATHS = (
					"$(inherited)",
					"@executable_path/Frameworks",
				);
				PRODUCT_BUNDLE_IDENTIFIER = "aeglad.cxi-ark";
				PRODUCT_NAME = "$(TARGET_NAME)";
				SWIFT_VERSION = 5.0;
				TARGETED_DEVICE_FAMILY = "1,2";
			};
			name = Debug;
		};
		8B72D9EC238C47AB0022CD44 /* Release */ = {
			isa = XCBuildConfiguration;
			buildSettings = {
				ASSETCATALOG_COMPILER_APPICON_NAME = AppIcon;
				CODE_SIGN_STYLE = Automatic;
				DEVELOPMENT_ASSET_PATHS = "\"cxi-ark/Preview Content\"";
				DEVELOPMENT_TEAM = Q9769ZHH4G;
				ENABLE_PREVIEWS = YES;
				INFOPLIST_FILE = "cxi-ark/Info.plist";
				LD_RUNPATH_SEARCH_PATHS = (
					"$(inherited)",
					"@executable_path/Frameworks",
				);
				PRODUCT_BUNDLE_IDENTIFIER = "aeglad.cxi-ark";
				PRODUCT_NAME = "$(TARGET_NAME)";
				SWIFT_VERSION = 5.0;
				TARGETED_DEVICE_FAMILY = "1,2";
			};
			name = Release;
		};
		8B72D9EE238C47AB0022CD44 /* Debug */ = {
			isa = XCBuildConfiguration;
			buildSettings = {
				ALWAYS_EMBED_SWIFT_STANDARD_LIBRARIES = YES;
				BUNDLE_LOADER = "$(TEST_HOST)";
				CODE_SIGN_STYLE = Automatic;
				DEVELOPMENT_TEAM = Q9769ZHH4G;
				INFOPLIST_FILE = "cxi-arkTests/Info.plist";
				IPHONEOS_DEPLOYMENT_TARGET = 13.2;
				LD_RUNPATH_SEARCH_PATHS = (
					"$(inherited)",
					"@executable_path/Frameworks",
					"@loader_path/Frameworks",
				);
				PRODUCT_BUNDLE_IDENTIFIER = "aeglad.cxi-arkTests";
				PRODUCT_NAME = "$(TARGET_NAME)";
				SWIFT_VERSION = 5.0;
				TARGETED_DEVICE_FAMILY = "1,2";
				TEST_HOST = "$(BUILT_PRODUCTS_DIR)/cxi-ark.app/cxi-ark";
			};
			name = Debug;
		};
		8B72D9EF238C47AB0022CD44 /* Release */ = {
			isa = XCBuildConfiguration;
			buildSettings = {
				ALWAYS_EMBED_SWIFT_STANDARD_LIBRARIES = YES;
				BUNDLE_LOADER = "$(TEST_HOST)";
				CODE_SIGN_STYLE = Automatic;
				DEVELOPMENT_TEAM = Q9769ZHH4G;
				INFOPLIST_FILE = "cxi-arkTests/Info.plist";
				IPHONEOS_DEPLOYMENT_TARGET = 13.2;
				LD_RUNPATH_SEARCH_PATHS = (
					"$(inherited)",
					"@executable_path/Frameworks",
					"@loader_path/Frameworks",
				);
				PRODUCT_BUNDLE_IDENTIFIER = "aeglad.cxi-arkTests";
				PRODUCT_NAME = "$(TARGET_NAME)";
				SWIFT_VERSION = 5.0;
				TARGETED_DEVICE_FAMILY = "1,2";
				TEST_HOST = "$(BUILT_PRODUCTS_DIR)/cxi-ark.app/cxi-ark";
			};
			name = Release;
		};
		8B72D9F1238C47AB0022CD44 /* Debug */ = {
			isa = XCBuildConfiguration;
			buildSettings = {
				ALWAYS_EMBED_SWIFT_STANDARD_LIBRARIES = YES;
				CODE_SIGN_STYLE = Automatic;
				DEVELOPMENT_TEAM = Q9769ZHH4G;
				INFOPLIST_FILE = "cxi-arkUITests/Info.plist";
				LD_RUNPATH_SEARCH_PATHS = (
					"$(inherited)",
					"@executable_path/Frameworks",
					"@loader_path/Frameworks",
				);
				PRODUCT_BUNDLE_IDENTIFIER = "aeglad.cxi-arkUITests";
				PRODUCT_NAME = "$(TARGET_NAME)";
				SWIFT_VERSION = 5.0;
				TARGETED_DEVICE_FAMILY = "1,2";
				TEST_TARGET_NAME = "cxi-ark";
			};
			name = Debug;
		};
		8B72D9F2238C47AB0022CD44 /* Release */ = {
			isa = XCBuildConfiguration;
			buildSettings = {
				ALWAYS_EMBED_SWIFT_STANDARD_LIBRARIES = YES;
				CODE_SIGN_STYLE = Automatic;
				DEVELOPMENT_TEAM = Q9769ZHH4G;
				INFOPLIST_FILE = "cxi-arkUITests/Info.plist";
				LD_RUNPATH_SEARCH_PATHS = (
					"$(inherited)",
					"@executable_path/Frameworks",
					"@loader_path/Frameworks",
				);
				PRODUCT_BUNDLE_IDENTIFIER = "aeglad.cxi-arkUITests";
				PRODUCT_NAME = "$(TARGET_NAME)";
				SWIFT_VERSION = 5.0;
				TARGETED_DEVICE_FAMILY = "1,2";
				TEST_TARGET_NAME = "cxi-ark";
			};
			name = Release;
		};
/* End XCBuildConfiguration section */

/* Begin XCConfigurationList section */
		8B72D9BB238C47A70022CD44 /* Build configuration list for PBXProject "cxi-ark" */ = {
			isa = XCConfigurationList;
			buildConfigurations = (
				8B72D9E8238C47AB0022CD44 /* Debug */,
				8B72D9E9238C47AB0022CD44 /* Release */,
			);
			defaultConfigurationIsVisible = 0;
			defaultConfigurationName = Release;
		};
		8B72D9EA238C47AB0022CD44 /* Build configuration list for PBXNativeTarget "cxi-ark" */ = {
			isa = XCConfigurationList;
			buildConfigurations = (
				8B72D9EB238C47AB0022CD44 /* Debug */,
				8B72D9EC238C47AB0022CD44 /* Release */,
			);
			defaultConfigurationIsVisible = 0;
			defaultConfigurationName = Release;
		};
		8B72D9ED238C47AB0022CD44 /* Build configuration list for PBXNativeTarget "cxi-arkTests" */ = {
			isa = XCConfigurationList;
			buildConfigurations = (
				8B72D9EE238C47AB0022CD44 /* Debug */,
				8B72D9EF238C47AB0022CD44 /* Release */,
			);
			defaultConfigurationIsVisible = 0;
			defaultConfigurationName = Release;
		};
		8B72D9F0238C47AB0022CD44 /* Build configuration list for PBXNativeTarget "cxi-arkUITests" */ = {
			isa = XCConfigurationList;
			buildConfigurations = (
				8B72D9F1238C47AB0022CD44 /* Debug */,
				8B72D9F2238C47AB0022CD44 /* Release */,
			);
			defaultConfigurationIsVisible = 0;
			defaultConfigurationName = Release;
		};
/* End XCConfigurationList section */
	};
	rootObject = 8B72D9B8238C47A70022CD44 /* Project object */;
}
